{
  "meteor": {},
  "dependencies": {
    "basePackages": {
      "router": {},
      "presence": {},
      "font-awesome": {},
      "bootstrap-growl": {}
    },
    "packages": {
      "router": {
        "git": "https://github.com/tmeasday/meteor-router.git",
        "tag": "v0.5.3",
        "commit": "7bd3a1bdd1099625bb8b49406d9b8f961d6f4a17"
      },
      "presence": {
        "git": "https://github.com/tmeasday/meteor-presence.git",
        "tag": "v0.2.0",
        "commit": "cb103275ba67e524bf3a9cce4ff0b36f03959d1b"
      },
      "font-awesome": {
        "git": "https://github.com/nate-strauser/meteor-font-awesome.git",
        "tag": "v3.2.0",
        "commit": "2cba6f907a2579cae2d399b522f9544c13d5e091"
      },
      "bootstrap-growl": {
        "git": "https://github.com/TimHeckel/meteor-bootstrap-growl.git",
        "tag": "v0.1.1",
        "commit": "674fd231a46e405f8d4eb463725d8003a02374ec"
      },
      "page-js-ie-support": {
        "git": "https://github.com/tmeasday/meteor-page-js-ie-support.git",
        "tag": "v1.3.5",
        "commit": "b99ed8380aefd10b2afc8f18d9eed4dd0d8ea9cb"
      }
    }
  }
}
